// !$*UTF8*$!
{
	archiveVersion = 1;
	classes = {
	};
	objectVersion = 77;
	objects = {

/* Begin PBXBuildFile section */
		AE2BD7482F2EC0D800078700 /* PLAN.md in Resources */ = {isa = PBXBuildFile; fileRef = AE2BD7472F2EC0D800078700 /* PLAN.md */; };
/* End PBXBuildFile section */

/* Begin PBXContainerItemProxy section */
		AE2BD72B2F2EC0BE00078700 /* PBXContainerItemProxy */ = {
			isa = PBXContainerItemProxy;
			containerPortal = AE2BD7132F2EC0BE00078700 /* Project object */;
			proxyType = 1;
			remoteGlobalIDString = AE2BD71A2F2EC0BE00078700;
			remoteInfo = "PokeJournal Capture";
		};
		AE2BD7352F2EC0BE00078700 /* PBXContainerItemProxy */ = {
			isa = PBXContainerItemProxy;
			containerPortal = AE2BD7132F2EC0BE00078700 /* Project object */;
			proxyType = 1;
			remoteGlobalIDString = AE2BD71A2F2EC0BE00078700;
			remoteInfo = "PokeJournal Capture";
		};
/* End PBXContainerItemProxy section */

/* Begin PBXFileReference section */
		AE2BD71B2F2EC0BE00078700 /* PokeJournal Capture.app */ = {isa = PBXFileReference; explicitFileType = wrapper.application; includeInIndex = 0; path = "PokeJournal Capture.app"; sourceTree = BUILT_PRODUCTS_DIR; };
		AE2BD72A2F2EC0BE00078700 /* PokeJournal CaptureTests.xctest */ = {isa = PBXFileReference; explicitFileType = wrapper.cfbundle; includeInIndex = 0; path = "PokeJournal CaptureTests.xctest"; sourceTree = BUILT_PRODUCTS_DIR; };
		AE2BD7342F2EC0BE00078700 /* PokeJournal CaptureUITests.xctest */ = {isa = PBXFileReference; explicitFileType = wrapper.cfbundle; includeInIndex = 0; path = "PokeJournal CaptureUITests.xctest"; sourceTree = BUILT_PRODUCTS_DIR; };
		AE2BD7472F2EC0D800078700 /* PLAN.md */ = {isa = PBXFileReference; lastKnownFileType = net.daringfireball.markdown; name = PLAN.md; path = ../PLAN.md; sourceTree = SOURCE_ROOT; };
/* End PBXFileReference section */

/* Begin PBXFileSystemSynchronizedRootGroup section */
		AE2BD71D2F2EC0BE00078700 /* PokeJournal Capture */ = {
			isa = PBXFileSystemSynchronizedRootGroup;
			path = "PokeJournal Capture";
			sourceTree = "<group>";
		};
		AE2BD72D2F2EC0BE00078700 /* PokeJournal CaptureTests */ = {
			isa = PBXFileSystemSynchronizedRootGroup;
			path = "PokeJournal CaptureTests";
			sourceTree = "<group>";
		};
		AE2BD7372F2EC0BE00078700 /* PokeJournal CaptureUITests */ = {
			isa = PBXFileSystemSynchronizedRootGroup;
			path = "PokeJournal CaptureUITests";
			sourceTree = "<group>";
		};
/* End PBXFileSystemSynchronizedRootGroup section */

/* Begin PBXFrameworksBuildPhase section */
		AE2BD7182F2EC0BE00078700 /* Frameworks */ = {
			isa = PBXFrameworksBuildPhase;
			buildActionMask = 2147483647;
			files = (
			);
			runOnlyForDeploymentPostprocessing = 0;
		};
		AE2BD7272F2EC0BE00078700 /* Frameworks */ = {
			isa = PBXFrameworksBuildPhase;
			buildActionMask = 2147483647;
			files = (
			);
			runOnlyForDeploymentPostprocessing = 0;
		};
		AE2BD7312F2EC0BE00078700 /* Frameworks */ = {
			isa = PBXFrameworksBuildPhase;
			buildActionMask = 2147483647;
			files = (
			);
			runOnlyForDeploymentPostprocessing = 0;
		};
/* End PBXFrameworksBuildPhase section */

/* Begin PBXGroup section */
		AE2BD7122F2EC0BE00078700 = {
			isa = PBXGroup;
			children = (
				AE2BD7472F2EC0D800078700 /* PLAN.md */,
				AE2BD71D2F2EC0BE00078700 /* PokeJournal Capture */,
				AE2BD72D2F2EC0BE00078700 /* PokeJournal CaptureTests */,
				AE2BD7372F2EC0BE00078700 /* PokeJournal CaptureUITests */,
				AE2BD71C2F2EC0BE00078700 /* Products */,
			);
			sourceTree = "<group>";
		};
		AE2BD71C2F2EC0BE00078700 /* Products */ = {
			isa = PBXGroup;
			children = (
				AE2BD71B2F2EC0BE00078700 /* PokeJournal Capture.app */,
				AE2BD72A2F2EC0BE00078700 /* PokeJournal CaptureTests.xctest */,
				AE2BD7342F2EC0BE00078700 /* PokeJournal CaptureUITests.xctest */,
			);
			name = Products;
			sourceTree = "<group>";
		};
/* End PBXGroup section */

/* Begin PBXNativeTarget section */
		AE2BD71A2F2EC0BE00078700 /* PokeJournal Capture */ = {
			isa = PBXNativeTarget;
			buildConfigurationList = AE2BD73E2F2EC0BE00078700 /* Build configuration list for PBXNativeTarget "PokeJournal Capture" */;
			buildPhases = (
				AE2BD7172F2EC0BE00078700 /* Sources */,
				AE2BD7182F2EC0BE00078700 /* Frameworks */,
				AE2BD7192F2EC0BE00078700 /* Resources */,
				AE2BD7502F2EC0BE00078700 /* Set Display Name */,
			);
			buildRules = (
			);
			dependencies = (
			);
			fileSystemSynchronizedGroups = (
				AE2BD71D2F2EC0BE00078700 /* PokeJournal Capture */,
			);
			name = "PokeJournal Capture";
			packageProductDependencies = (
			);
			productName = "PokeJournal Capture";
			productReference = AE2BD71B2F2EC0BE00078700 /* PokeJournal Capture.app */;
			productType = "com.apple.product-type.application";
		};
		AE2BD7292F2EC0BE00078700 /* PokeJournal CaptureTests */ = {
			isa = PBXNativeTarget;
			buildConfigurationList = AE2BD7412F2EC0BE00078700 /* Build configuration list for PBXNativeTarget "PokeJournal CaptureTests" */;
			buildPhases = (
				AE2BD7262F2EC0BE00078700 /* Sources */,
				AE2BD7272F2EC0BE00078700 /* Frameworks */,
				AE2BD7282F2EC0BE00078700 /* Resources */,
			);
			buildRules = (
			);
			dependencies = (
				AE2BD72C2F2EC0BE00078700 /* PBXTargetDependency */,
			);
			fileSystemSynchronizedGroups = (
				AE2BD72D2F2EC0BE00078700 /* PokeJournal CaptureTests */,
			);
			name = "PokeJournal CaptureTests";
			packageProductDependencies = (
			);
			productName = "PokeJournal CaptureTests";
			productReference = AE2BD72A2F2EC0BE00078700 /* PokeJournal CaptureTests.xctest */;
			productType = "com.apple.product-type.bundle.unit-test";
		};
		AE2BD7332F2EC0BE00078700 /* PokeJournal CaptureUITests */ = {
			isa = PBXNativeTarget;
			buildConfigurationList = AE2BD7442F2EC0BE00078700 /* Build configuration list for PBXNativeTarget "PokeJournal CaptureUITests" */;
			buildPhases = (
				AE2BD7302F2EC0BE00078700 /* Sources */,
				AE2BD7312F2EC0BE00078700 /* Frameworks */,
				AE2BD7322F2EC0BE00078700 /* Resources */,
			);
			buildRules = (
			);
			dependencies = (
				AE2BD7362F2EC0BE00078700 /* PBXTargetDependency */,
			);
			fileSystemSynchronizedGroups = (
				AE2BD7372F2EC0BE00078700 /* PokeJournal CaptureUITests */,
			);
			name = "PokeJournal CaptureUITests";
			packageProductDependencies = (
			);
			productName = "PokeJournal CaptureUITests";
			productReference = AE2BD7342F2EC0BE00078700 /* PokeJournal CaptureUITests.xctest */;
			productType = "com.apple.product-type.bundle.ui-testing";
		};
/* End PBXNativeTarget section */

/* Begin PBXProject section */
		AE2BD7132F2EC0BE00078700 /* Project object */ = {
			isa = PBXProject;
			attributes = {
				BuildIndependentTargetsInParallel = 1;
				LastSwiftUpdateCheck = 2620;
				LastUpgradeCheck = 2620;
				TargetAttributes = {
					AE2BD71A2F2EC0BE00078700 = {
						CreatedOnToolsVersion = 26.2;
					};
					AE2BD7292F2EC0BE00078700 = {
						CreatedOnToolsVersion = 26.2;
						TestTargetID = AE2BD71A2F2EC0BE00078700;
					};
					AE2BD7332F2EC0BE00078700 = {
						CreatedOnToolsVersion = 26.2;
						TestTargetID = AE2BD71A2F2EC0BE00078700;
					};
				};
			};
			buildConfigurationList = AE2BD7162F2EC0BE00078700 /* Build configuration list for PBXProject "PokeJournal Capture" */;
			developmentRegion = en;
			hasScannedForEncodings = 0;
			knownRegions = (
				en,
				Base,
			);
			mainGroup = AE2BD7122F2EC0BE00078700;
			minimizedProjectReferenceProxies = 1;
			preferredProjectObjectVersion = 77;
			productRefGroup = AE2BD71C2F2EC0BE00078700 /* Products */;
			projectDirPath = "";
			projectRoot = "";
			targets = (
				AE2BD71A2F2EC0BE00078700 /* PokeJournal Capture */,
				AE2BD7292F2EC0BE00078700 /* PokeJournal CaptureTests */,
				AE2BD7332F2EC0BE00078700 /* PokeJournal CaptureUITests */,
			);
		};
/* End PBXProject section */

/* Begin PBXShellScriptBuildPhase section */
		AE2BD7502F2EC0BE00078700 /* Set Display Name */ = {
			isa = PBXShellScriptBuildPhase;
			alwaysOutOfDate = 1;
			buildActionMask = 2147483647;
			files = (
			);
			inputPaths = (
			);
			name = "Set Display Name";
			outputPaths = (
			);
			runOnlyForDeploymentPostprocessing = 0;
			shellPath = /bin/sh;
			shellScript = "/usr/libexec/PlistBuddy -c \"Set :CFBundleName PokéJournal Capture\" \"${TARGET_BUILD_DIR}/${INFOPLIST_PATH}\"\n";
		};
/* End PBXShellScriptBuildPhase section */

/* Begin PBXResourcesBuildPhase section */
		AE2BD7192F2EC0BE00078700 /* Resources */ = {
			isa = PBXResourcesBuildPhase;
			buildActionMask = 2147483647;
			files = (
				AE2BD7482F2EC0D800078700 /* PLAN.md in Resources */,
			);
			runOnlyForDeploymentPostprocessing = 0;
		};
		AE2BD7282F2EC0BE00078700 /* Resources */ = {
			isa = PBXResourcesBuildPhase;
			buildActionMask = 2147483647;
			files = (
			);
			runOnlyForDeploymentPostprocessing = 0;
		};
		AE2BD7322F2EC0BE00078700 /* Resources */ = {
			isa = PBXResourcesBuildPhase;
			buildActionMask = 2147483647;
			files = (
			);
			runOnlyForDeploymentPostprocessing = 0;
		};
/* End PBXResourcesBuildPhase section */

/* Begin PBXSourcesBuildPhase section */
		AE2BD7172F2EC0BE00078700 /* Sources */ = {
			isa = PBXSourcesBuildPhase;
			buildActionMask = 2147483647;
			files = (
			);
			runOnlyForDeploymentPostprocessing = 0;
		};
		AE2BD7262F2EC0BE00078700 /* Sources */ = {
			isa = PBXSourcesBuildPhase;
			buildActionMask = 2147483647;
			files = (
			);
			runOnlyForDeploymentPostprocessing = 0;
		};
		AE2BD7302F2EC0BE00078700 /* Sources */ = {
			isa = PBXSourcesBuildPhase;
			buildActionMask = 2147483647;
			files = (
			);
			runOnlyForDeploymentPostprocessing = 0;
		};
/* End PBXSourcesBuildPhase section */

/* Begin PBXTargetDependency section */
		AE2BD72C2F2EC0BE00078700 /* PBXTargetDependency */ = {
			isa = PBXTargetDependency;
			target = AE2BD71A2F2EC0BE00078700 /* PokeJournal Capture */;
			targetProxy = AE2BD72B2F2EC0BE00078700 /* PBXContainerItemProxy */;
		};
		AE2BD7362F2EC0BE00078700 /* PBXTargetDependency */ = {
			isa = PBXTargetDependency;
			target = AE2BD71A2F2EC0BE00078700 /* PokeJournal Capture */;
			targetProxy = AE2BD7352F2EC0BE00078700 /* PBXContainerItemProxy */;
		};
/* End PBXTargetDependency section */

/* Begin XCBuildConfiguration section */
		AE2BD73C2F2EC0BE00078700 /* Debug */ = {
			isa = XCBuildConfiguration;
			buildSettings = {
				ALWAYS_SEARCH_USER_PATHS = NO;
				ASSETCATALOG_COMPILER_GENERATE_SWIFT_ASSET_SYMBOL_EXTENSIONS = YES;
				CLANG_ANALYZER_NONNULL = YES;
				CLANG_ANALYZER_NUMBER_OBJECT_CONVERSION = YES_AGGRESSIVE;
				CLANG_CXX_LANGUAGE_STANDARD = "gnu++20";
				CLANG_ENABLE_MODULES = YES;
				CLANG_ENABLE_OBJC_ARC = YES;
				CLANG_ENABLE_OBJC_WEAK = YES;
				CLANG_WARN_BLOCK_CAPTURE_AUTORELEASING = YES;
				CLANG_WARN_BOOL_CONVERSION = YES;
				CLANG_WARN_COMMA = YES;
				CLANG_WARN_CONSTANT_CONVERSION = YES;
				CLANG_WARN_DEPRECATED_OBJC_IMPLEMENTATIONS = YES;
				CLANG_WARN_DIRECT_OBJC_ISA_USAGE = YES_ERROR;
				CLANG_WARN_DOCUMENTATION_COMMENTS = YES;
				CLANG_WARN_EMPTY_BODY = YES;
				CLANG_WARN_ENUM_CONVERSION = YES;
				CLANG_WARN_INFINITE_RECURSION = YES;
				CLANG_WARN_INT_CONVERSION = YES;
				CLANG_WARN_NON_LITERAL_NULL_CONVERSION = YES;
				CLANG_WARN_OBJC_IMPLICIT_RETAIN_SELF = YES;
				CLANG_WARN_OBJC_LITERAL_CONVERSION = YES;
				CLANG_WARN_OBJC_ROOT_CLASS = YES_ERROR;
				CLANG_WARN_QUOTED_INCLUDE_IN_FRAMEWORK_HEADER = YES;
				CLANG_WARN_RANGE_LOOP_ANALYSIS = YES;
				CLANG_WARN_STRICT_PROTOTYPES = YES;
				CLANG_WARN_SUSPICIOUS_MOVE = YES;
				CLANG_WARN_UNGUARDED_AVAILABILITY = YES_AGGRESSIVE;
				CLANG_WARN_UNREACHABLE_CODE = YES;
				CLANG_WARN__DUPLICATE_METHOD_MATCH = YES;
				COPY_PHASE_STRIP = NO;
				DEBUG_INFORMATION_FORMAT = dwarf;
				DEVELOPMENT_TEAM = 2DPUG448BC;
				ENABLE_STRICT_OBJC_MSGSEND = YES;
				ENABLE_TESTABILITY = YES;
				ENABLE_USER_SCRIPT_SANDBOXING = YES;
				GCC_C_LANGUAGE_STANDARD = gnu17;
				GCC_DYNAMIC_NO_PIC = NO;
				GCC_NO_COMMON_BLOCKS = YES;
				GCC_OPTIMIZATION_LEVEL = 0;
				GCC_PREPROCESSOR_DEFINITIONS = (
					"DEBUG=1",
					"$(inherited)",
				);
				GCC_WARN_64_TO_32_BIT_CONVERSION = YES;
				GCC_WARN_ABOUT_RETURN_TYPE = YES_ERROR;
				GCC_WARN_UNDECLARED_SELECTOR = YES;
				GCC_WARN_UNINITIALIZED_AUTOS = YES_AGGRESSIVE;
				GCC_WARN_UNUSED_FUNCTION = YES;
				GCC_WARN_UNUSED_VARIABLE = YES;
				IPHONEOS_DEPLOYMENT_TARGET = 26.2;
				LOCALIZATION_PREFERS_STRING_CATALOGS = YES;
				MTL_ENABLE_DEBUG_INFO = INCLUDE_SOURCE;
				MTL_FAST_MATH = YES;
				ONLY_ACTIVE_ARCH = YES;
				SDKROOT = iphoneos;
				SWIFT_ACTIVE_COMPILATION_CONDITIONS = "DEBUG $(inherited)";
				SWIFT_OPTIMIZATION_LEVEL = "-Onone";
			};
			name = Debug;
		};
		AE2BD73D2F2EC0BE00078700 /* Release */ = {
			isa = XCBuildConfiguration;
			buildSettings = {
				ALWAYS_SEARCH_USER_PATHS = NO;
				ASSETCATALOG_COMPILER_GENERATE_SWIFT_ASSET_SYMBOL_EXTENSIONS = YES;
				CLANG_ANALYZER_NONNULL = YES;
				CLANG_ANALYZER_NUMBER_OBJECT_CONVERSION = YES_AGGRESSIVE;
				CLANG_CXX_LANGUAGE_STANDARD = "gnu++20";
				CLANG_ENABLE_MODULES = YES;
				CLANG_ENABLE_OBJC_ARC = YES;
				CLANG_ENABLE_OBJC_WEAK = YES;
				CLANG_WARN_BLOCK_CAPTURE_AUTORELEASING = YES;
				CLANG_WARN_BOOL_CONVERSION = YES;
				CLANG_WARN_COMMA = YES;
				CLANG_WARN_CONSTANT_CONVERSION = YES;
				CLANG_WARN_DEPRECATED_OBJC_IMPLEMENTATIONS = YES;
				CLANG_WARN_DIRECT_OBJC_ISA_USAGE = YES_ERROR;
				CLANG_WARN_DOCUMENTATION_COMMENTS = YES;
				CLANG_WARN_EMPTY_BODY = YES;
				CLANG_WARN_ENUM_CONVERSION = YES;
				CLANG_WARN_INFINITE_RECURSION = YES;
				CLANG_WARN_INT_CONVERSION = YES;
				CLANG_WARN_NON_LITERAL_NULL_CONVERSION = YES;
				CLANG_WARN_OBJC_IMPLICIT_RETAIN_SELF = YES;
				CLANG_WARN_OBJC_LITERAL_CONVERSION = YES;
				CLANG_WARN_OBJC_ROOT_CLASS = YES_ERROR;
				CLANG_WARN_QUOTED_INCLUDE_IN_FRAMEWORK_HEADER = YES;
				CLANG_WARN_RANGE_LOOP_ANALYSIS = YES;
				CLANG_WARN_STRICT_PROTOTYPES = YES;
				CLANG_WARN_SUSPICIOUS_MOVE = YES;
				CLANG_WARN_UNGUARDED_AVAILABILITY = YES_AGGRESSIVE;
				CLANG_WARN_UNREACHABLE_CODE = YES;
				CLANG_WARN__DUPLICATE_METHOD_MATCH = YES;
				COPY_PHASE_STRIP = NO;
				DEBUG_INFORMATION_FORMAT = "dwarf-with-dsym";
				DEVELOPMENT_TEAM = 2DPUG448BC;
				ENABLE_NS_ASSERTIONS = NO;
				ENABLE_STRICT_OBJC_MSGSEND = YES;
				ENABLE_USER_SCRIPT_SANDBOXING = YES;
				GCC_C_LANGUAGE_STANDARD = gnu17;
				GCC_NO_COMMON_BLOCKS = YES;
				GCC_WARN_64_TO_32_BIT_CONVERSION = YES;
				GCC_WARN_ABOUT_RETURN_TYPE = YES_ERROR;
				GCC_WARN_UNDECLARED_SELECTOR = YES;
				GCC_WARN_UNINITIALIZED_AUTOS = YES_AGGRESSIVE;
				GCC_WARN_UNUSED_FUNCTION = YES;
				GCC_WARN_UNUSED_VARIABLE = YES;
				IPHONEOS_DEPLOYMENT_TARGET = 26.2;
				LOCALIZATION_PREFERS_STRING_CATALOGS = YES;
				MTL_ENABLE_DEBUG_INFO = NO;
				MTL_FAST_MATH = YES;
				SDKROOT = iphoneos;
				SWIFT_COMPILATION_MODE = wholemodule;
				VALIDATE_PRODUCT = YES;
			};
			name = Release;
		};
		AE2BD73F2F2EC0BE00078700 /* Debug */ = {
			isa = XCBuildConfiguration;
			buildSettings = {
				ASSETCATALOG_COMPILER_APPICON_NAME = AppIcon;
				ASSETCATALOG_COMPILER_GLOBAL_ACCENT_COLOR_NAME = AccentColor;
				CODE_SIGN_STYLE = Automatic;
				CURRENT_PROJECT_VERSION = 1;
				DEVELOPMENT_TEAM = 2DPUG448BC;
				ENABLE_PREVIEWS = YES;
				ENABLE_USER_SCRIPT_SANDBOXING = NO;
				GENERATE_INFOPLIST_FILE = YES;
				INFOPLIST_FILE = "Poke-Journal-Capture-Info.plist";
				INFOPLIST_KEY_NSMicrophoneUsageDescription = "PokéJournal Capture benötigt Zugriff auf das Mikrofon, um Sprachnotizen aufzunehmen und zu transkribieren.";
				INFOPLIST_KEY_NSSpeechRecognitionUsageDescription = "PokéJournal Capture verwendet Spracherkennung, um deine gesprochenen Notizen in Text umzuwandeln.";
				INFOPLIST_KEY_UIApplicationSceneManifest_Generation = YES;
				INFOPLIST_KEY_UIApplicationSupportsIndirectInputEvents = YES;
				INFOPLIST_KEY_UILaunchScreen_Generation = YES;
				INFOPLIST_KEY_UISupportedInterfaceOrientations_iPad = "UIInterfaceOrientationPortrait UIInterfaceOrientationPortraitUpsideDown UIInterfaceOrientationLandscapeLeft UIInterfaceOrientationLandscapeRight";
				INFOPLIST_KEY_UISupportedInterfaceOrientations_iPhone = "UIInterfaceOrientationPortrait UIInterfaceOrientationLandscapeLeft UIInterfaceOrientationLandscapeRight";
				LD_RUNPATH_SEARCH_PATHS = (
					"$(inherited)",
					"@executable_path/Frameworks",
				);
				MARKETING_VERSION = 1.0;
				PRODUCT_BUNDLE_IDENTIFIER = "piotr.apple.Poke-Journal-Capture";
				PRODUCT_NAME = "$(TARGET_NAME)";
				STRING_CATALOG_GENERATE_SYMBOLS = YES;
				SWIFT_APPROACHABLE_CONCURRENCY = YES;
				SWIFT_DEFAULT_ACTOR_ISOLATION = MainActor;
				SWIFT_EMIT_LOC_STRINGS = YES;
				SWIFT_UPCOMING_FEATURE_MEMBER_IMPORT_VISIBILITY = YES;
				SWIFT_VERSION = 5.0;
				TARGETED_DEVICE_FAMILY = "1,2";
			};
			name = Debug;
		};
		AE2BD7402F2EC0BE00078700 /* Release */ = {
			isa = XCBuildConfiguration;
			buildSettings = {
				ASSETCATALOG_COMPILER_APPICON_NAME = AppIcon;
				ASSETCATALOG_COMPILER_GLOBAL_ACCENT_COLOR_NAME = AccentColor;
				CODE_SIGN_STYLE = Automatic;
				CURRENT_PROJECT_VERSION = 1;
				DEVELOPMENT_TEAM = 2DPUG448BC;
				ENABLE_PREVIEWS = YES;
				ENABLE_USER_SCRIPT_SANDBOXING = NO;
				GENERATE_INFOPLIST_FILE = YES;
				INFOPLIST_FILE = "Poke-Journal-Capture-Info.plist";
				INFOPLIST_KEY_NSMicrophoneUsageDescription = "PokéJournal Capture benötigt Zugriff auf das Mikrofon, um Sprachnotizen aufzunehmen und zu transkribieren.";
				INFOPLIST_KEY_NSSpeechRecognitionUsageDescription = "PokéJournal Capture verwendet Spracherkennung, um deine gesprochenen Notizen in Text umzuwandeln.";
				INFOPLIST_KEY_UIApplicationSceneManifest_Generation = YES;
				INFOPLIST_KEY_UIApplicationSupportsIndirectInputEvents = YES;
				INFOPLIST_KEY_UILaunchScreen_Generation = YES;
				INFOPLIST_KEY_UISupportedInterfaceOrientations_iPad = "UIInterfaceOrientationPortrait UIInterfaceOrientationPortraitUpsideDown UIInterfaceOrientationLandscapeLeft UIInterfaceOrientationLandscapeRight";
				INFOPLIST_KEY_UISupportedInterfaceOrientations_iPhone = "UIInterfaceOrientationPortrait UIInterfaceOrientationLandscapeLeft UIInterfaceOrientationLandscapeRight";
				LD_RUNPATH_SEARCH_PATHS = (
					"$(inherited)",
					"@executable_path/Frameworks",
				);
				MARKETING_VERSION = 1.0;
				PRODUCT_BUNDLE_IDENTIFIER = "piotr.apple.Poke-Journal-Capture";
				PRODUCT_NAME = "$(TARGET_NAME)";
				STRING_CATALOG_GENERATE_SYMBOLS = YES;
				SWIFT_APPROACHABLE_CONCURRENCY = YES;
				SWIFT_DEFAULT_ACTOR_ISOLATION = MainActor;
				SWIFT_EMIT_LOC_STRINGS = YES;
				SWIFT_UPCOMING_FEATURE_MEMBER_IMPORT_VISIBILITY = YES;
				SWIFT_VERSION = 5.0;
				TARGETED_DEVICE_FAMILY = "1,2";
			};
			name = Release;
		};
		AE2BD7422F2EC0BE00078700 /* Debug */ = {
			isa = XCBuildConfiguration;
			buildSettings = {
				BUNDLE_LOADER = "$(TEST_HOST)";
				CODE_SIGN_STYLE = Automatic;
				CURRENT_PROJECT_VERSION = 1;
				DEVELOPMENT_TEAM = 2DPUG448BC;
				GENERATE_INFOPLIST_FILE = YES;
				IPHONEOS_DEPLOYMENT_TARGET = 26.2;
				MARKETING_VERSION = 1.0;
				PRODUCT_BUNDLE_IDENTIFIER = "piotr.apple.Poke-Journal-CaptureTests";
				PRODUCT_NAME = "$(TARGET_NAME)";
				STRING_CATALOG_GENERATE_SYMBOLS = NO;
				SWIFT_APPROACHABLE_CONCURRENCY = YES;
				SWIFT_EMIT_LOC_STRINGS = NO;
				SWIFT_UPCOMING_FEATURE_MEMBER_IMPORT_VISIBILITY = YES;
				SWIFT_VERSION = 5.0;
				TARGETED_DEVICE_FAMILY = "1,2";
				TEST_HOST = "$(BUILT_PRODUCTS_DIR)/PokeJournal Capture.app/$(BUNDLE_EXECUTABLE_FOLDER_PATH)/PokeJournal Capture";
			};
			name = Debug;
		};
		AE2BD7432F2EC0BE00078700 /* Release */ = {
			isa = XCBuildConfiguration;
			buildSettings = {
				BUNDLE_LOADER = "$(TEST_HOST)";
				CODE_SIGN_STYLE = Automatic;
				CURRENT_PROJECT_VERSION = 1;
				DEVELOPMENT_TEAM = 2DPUG448BC;
				GENERATE_INFOPLIST_FILE = YES;
				IPHONEOS_DEPLOYMENT_TARGET = 26.2;
				MARKETING_VERSION = 1.0;
				PRODUCT_BUNDLE_IDENTIFIER = "piotr.apple.Poke-Journal-CaptureTests";
				PRODUCT_NAME = "$(TARGET_NAME)";
				STRING_CATALOG_GENERATE_SYMBOLS = NO;
				SWIFT_APPROACHABLE_CONCURRENCY = YES;
				SWIFT_EMIT_LOC_STRINGS = NO;
				SWIFT_UPCOMING_FEATURE_MEMBER_IMPORT_VISIBILITY = YES;
				SWIFT_VERSION = 5.0;
				TARGETED_DEVICE_FAMILY = "1,2";
				TEST_HOST = "$(BUILT_PRODUCTS_DIR)/PokeJournal Capture.app/$(BUNDLE_EXECUTABLE_FOLDER_PATH)/PokeJournal Capture";
			};
			name = Release;
		};
		AE2BD7452F2EC0BE00078700 /* Debug */ = {
			isa = XCBuildConfiguration;
			buildSettings = {
				CODE_SIGN_STYLE = Automatic;
				CURRENT_PROJECT_VERSION = 1;
				DEVELOPMENT_TEAM = 2DPUG448BC;
				GENERATE_INFOPLIST_FILE = YES;
				MARKETING_VERSION = 1.0;
				PRODUCT_BUNDLE_IDENTIFIER = "piotr.apple.Poke-Journal-CaptureUITests";
				PRODUCT_NAME = "$(TARGET_NAME)";
				STRING_CATALOG_GENERATE_SYMBOLS = NO;
				SWIFT_APPROACHABLE_CONCURRENCY = YES;
				SWIFT_EMIT_LOC_STRINGS = NO;
				SWIFT_UPCOMING_FEATURE_MEMBER_IMPORT_VISIBILITY = YES;
				SWIFT_VERSION = 5.0;
				TARGETED_DEVICE_FAMILY = "1,2";
				TEST_TARGET_NAME = "PokeJournal Capture";
			};
			name = Debug;
		};
		AE2BD7462F2EC0BE00078700 /* Release */ = {
			isa = XCBuildConfiguration;
			buildSettings = {
				CODE_SIGN_STYLE = Automatic;
				CURRENT_PROJECT_VERSION = 1;
				DEVELOPMENT_TEAM = 2DPUG448BC;
				GENERATE_INFOPLIST_FILE = YES;
				MARKETING_VERSION = 1.0;
				PRODUCT_BUNDLE_IDENTIFIER = "piotr.apple.Poke-Journal-CaptureUITests";
				PRODUCT_NAME = "$(TARGET_NAME)";
				STRING_CATALOG_GENERATE_SYMBOLS = NO;
				SWIFT_APPROACHABLE_CONCURRENCY = YES;
				SWIFT_EMIT_LOC_STRINGS = NO;
				SWIFT_UPCOMING_FEATURE_MEMBER_IMPORT_VISIBILITY = YES;
				SWIFT_VERSION = 5.0;
				TARGETED_DEVICE_FAMILY = "1,2";
				TEST_TARGET_NAME = "PokeJournal Capture";
			};
			name = Release;
		};
/* End XCBuildConfiguration section */

/* Begin XCConfigurationList section */
		AE2BD7162F2EC0BE00078700 /* Build configuration list for PBXProject "PokeJournal Capture" */ = {
			isa = XCConfigurationList;
			buildConfigurations = (
				AE2BD73C2F2EC0BE00078700 /* Debug */,
				AE2BD73D2F2EC0BE00078700 /* Release */,
			);
			defaultConfigurationIsVisible = 0;
			defaultConfigurationName = Release;
		};
		AE2BD73E2F2EC0BE00078700 /* Build configuration list for PBXNativeTarget "PokeJournal Capture" */ = {
			isa = XCConfigurationList;
			buildConfigurations = (
				AE2BD73F2F2EC0BE00078700 /* Debug */,
				AE2BD7402F2EC0BE00078700 /* Release */,
			);
			defaultConfigurationIsVisible = 0;
			defaultConfigurationName = Release;
		};
		AE2BD7412F2EC0BE00078700 /* Build configuration list for PBXNativeTarget "PokeJournal CaptureTests" */ = {
			isa = XCConfigurationList;
			buildConfigurations = (
				AE2BD7422F2EC0BE00078700 /* Debug */,
				AE2BD7432F2EC0BE00078700 /* Release */,
			);
			defaultConfigurationIsVisible = 0;
			defaultConfigurationName = Release;
		};
		AE2BD7442F2EC0BE00078700 /* Build configuration list for PBXNativeTarget "PokeJournal CaptureUITests" */ = {
			isa = XCConfigurationList;
			buildConfigurations = (
				AE2BD7452F2EC0BE00078700 /* Debug */,
				AE2BD7462F2EC0BE00078700 /* Release */,
			);
			defaultConfigurationIsVisible = 0;
			defaultConfigurationName = Release;
		};
/* End XCConfigurationList section */
	};
	rootObject = AE2BD7132F2EC0BE00078700 /* Project object */;
}
